
Microsoft Visual Studio Solution File, Format Version 12.00
# Visual Studio Version 16
VisualStudioVersion = 16.0.30413.136
MinimumVisualStudioVersion = 10.0.40219.1
Project("{FAE04EC0-301F-11D3-BF4B-00C04F79EFBC}") = "LINQtoSQL", "LINQtoSQL\LINQtoSQL.csproj", "{A15004E4-B13D-45D4-9340-29781087498B}"
EndProject
Global
	GlobalSection(SolutionConfigurationPlatforms) = preSolution
		Debug|Any CPU = Debug|Any CPU
		Release|Any CPU = Release|Any CPU
	EndGlobalSection
	GlobalSection(ProjectConfigurationPlatforms) = postSolution
		{A15004E4-B13D-45D4-9340-29781087498B}.Debug|Any CPU.ActiveCfg = Debug|Any CPU
		{A15004E4-B13D-45D4-9340-29781087498B}.Debug|Any CPU.Build.0 = Debug|Any CPU
		{A15004E4-B13D-45D4-9340-29781087498B}.Release|Any CPU.ActiveCfg = Release|Any CPU
		{A15004E4-B13D-45D4-9340-29781087498B}.Release|Any CPU.Build.0 = Release|Any CPU
	EndGlobalSection
	GlobalSection(SolutionProperties) = preSolution
		HideSolutionNode = FALSE
	EndGlobalSection
	GlobalSection(ExtensibilityGlobals) = postSolution
		SolutionGuid = {F7C6166A-990F-4B31-85F3-848F08260045}
	EndGlobalSection
EndGlobal
